
Microsoft Visual Studio Solution File, Format Version 12.00
# Visual Studio 15
VisualStudioVersion = 15.0.27428.2037
MinimumVisualStudioVersion = 10.0.40219.1
Project("{9A19103F-16F7-4668-BE54-9A1E7A4F7556}") = "ContosoUniversity.Api", "ContosoUniversity.Api\ContosoUniversity.Api.csproj", "{1C3E3CD0-E952-4DCA-919D-5426679B643D}"
EndProject
Project("{2150E333-8FDC-42A3-9474-1A3956D46DE8}") = "src", "src", "{41EB921B-7CC5-43EE-9EF1-0C3C8DD26469}"
EndProject
Project("{FAE04EC0-301F-11D3-BF4B-00C04F79EFBC}") = "ContosoUniversity.Data", "ContosoUniversity.Data\ContosoUniversity.Data.csproj", "{7FFAF2A9-9055-4820-89A6-8C5A3A4D16B0}"
EndProject
Global
	GlobalSection(SolutionConfigurationPlatforms) = preSolution
		Debug|Any CPU = Debug|Any CPU
		Release|Any CPU = Release|Any CPU
	EndGlobalSection
	GlobalSection(ProjectConfigurationPlatforms) = postSolution
		{1C3E3CD0-E952-4DCA-919D-5426679B643D}.Debug|Any CPU.ActiveCfg = Debug|Any CPU
		{1C3E3CD0-E952-4DCA-919D-5426679B643D}.Debug|Any CPU.Build.0 = Debug|Any CPU
		{1C3E3CD0-E952-4DCA-919D-5426679B643D}.Release|Any CPU.ActiveCfg = Release|Any CPU
		{1C3E3CD0-E952-4DCA-919D-5426679B643D}.Release|Any CPU.Build.0 = Release|Any CPU
		{7FFAF2A9-9055-4820-89A6-8C5A3A4D16B0}.Debug|Any CPU.ActiveCfg = Debug|Any CPU
		{7FFAF2A9-9055-4820-89A6-8C5A3A4D16B0}.Debug|Any CPU.Build.0 = Debug|Any CPU
		{7FFAF2A9-9055-4820-89A6-8C5A3A4D16B0}.Release|Any CPU.ActiveCfg = Release|Any CPU
		{7FFAF2A9-9055-4820-89A6-8C5A3A4D16B0}.Release|Any CPU.Build.0 = Release|Any CPU
	EndGlobalSection
	GlobalSection(SolutionProperties) = preSolution
		HideSolutionNode = FALSE
	EndGlobalSection
	GlobalSection(NestedProjects) = preSolution
		{1C3E3CD0-E952-4DCA-919D-5426679B643D} = {41EB921B-7CC5-43EE-9EF1-0C3C8DD26469}
		{7FFAF2A9-9055-4820-89A6-8C5A3A4D16B0} = {41EB921B-7CC5-43EE-9EF1-0C3C8DD26469}
	EndGlobalSection
	GlobalSection(ExtensibilityGlobals) = postSolution
		SolutionGuid = {F7BD4370-5E7E-4BA9-B722-CB59D9399A4A}
	EndGlobalSection
EndGlobal
